
Microsoft Visual Studio Solution File, Format Version 12.00
# Visual Studio Version 16
VisualStudioVersion = 16.0.30114.105
MinimumVisualStudioVersion = 10.0.40219.1
Project("{FAE04EC0-301F-11D3-BF4B-00C04F79EFBC}") = "SaintsClassLib", "SaintsClassLib\SaintsClassLib.csproj", "{E8C78794-E5BB-4F2D-8349-1C39D56B13B9}"
EndProject
Project("{FAE04EC0-301F-11D3-BF4B-00C04F79EFBC}") = "SaintsWebApi", "SaintsWebApi\SaintsWebApi.csproj", "{A22F5586-705C-4B66-A39B-21025575E530}"
EndProject
Global
	GlobalSection(SolutionConfigurationPlatforms) = preSolution
		Debug|Any CPU = Debug|Any CPU
		Debug|x64 = Debug|x64
		Debug|x86 = Debug|x86
		Release|Any CPU = Release|Any CPU
		Release|x64 = Release|x64
		Release|x86 = Release|x86
	EndGlobalSection
	GlobalSection(SolutionProperties) = preSolution
		HideSolutionNode = FALSE
	EndGlobalSection
	GlobalSection(ProjectConfigurationPlatforms) = postSolution
		{E8C78794-E5BB-4F2D-8349-1C39D56B13B9}.Debug|Any CPU.ActiveCfg = Debug|Any CPU
		{E8C78794-E5BB-4F2D-8349-1C39D56B13B9}.Debug|Any CPU.Build.0 = Debug|Any CPU
		{E8C78794-E5BB-4F2D-8349-1C39D56B13B9}.Debug|x64.ActiveCfg = Debug|Any CPU
		{E8C78794-E5BB-4F2D-8349-1C39D56B13B9}.Debug|x64.Build.0 = Debug|Any CPU
		{E8C78794-E5BB-4F2D-8349-1C39D56B13B9}.Debug|x86.ActiveCfg = Debug|Any CPU
		{E8C78794-E5BB-4F2D-8349-1C39D56B13B9}.Debug|x86.Build.0 = Debug|Any CPU
		{E8C78794-E5BB-4F2D-8349-1C39D56B13B9}.Release|Any CPU.ActiveCfg = Release|Any CPU
		{E8C78794-E5BB-4F2D-8349-1C39D56B13B9}.Release|Any CPU.Build.0 = Release|Any CPU
		{E8C78794-E5BB-4F2D-8349-1C39D56B13B9}.Release|x64.ActiveCfg = Release|Any CPU
		{E8C78794-E5BB-4F2D-8349-1C39D56B13B9}.Release|x64.Build.0 = Release|Any CPU
		{E8C78794-E5BB-4F2D-8349-1C39D56B13B9}.Release|x86.ActiveCfg = Release|Any CPU
		{E8C78794-E5BB-4F2D-8349-1C39D56B13B9}.Release|x86.Build.0 = Release|Any CPU
		{A22F5586-705C-4B66-A39B-21025575E530}.Debug|Any CPU.ActiveCfg = Debug|Any CPU
		{A22F5586-705C-4B66-A39B-21025575E530}.Debug|Any CPU.Build.0 = Debug|Any CPU
		{A22F5586-705C-4B66-A39B-21025575E530}.Debug|x64.ActiveCfg = Debug|Any CPU
		{A22F5586-705C-4B66-A39B-21025575E530}.Debug|x64.Build.0 = Debug|Any CPU
		{A22F5586-705C-4B66-A39B-21025575E530}.Debug|x86.ActiveCfg = Debug|Any CPU
		{A22F5586-705C-4B66-A39B-21025575E530}.Debug|x86.Build.0 = Debug|Any CPU
		{A22F5586-705C-4B66-A39B-21025575E530}.Release|Any CPU.ActiveCfg = Release|Any CPU
		{A22F5586-705C-4B66-A39B-21025575E530}.Release|Any CPU.Build.0 = Release|Any CPU
		{A22F5586-705C-4B66-A39B-21025575E530}.Release|x64.ActiveCfg = Release|Any CPU
		{A22F5586-705C-4B66-A39B-21025575E530}.Release|x64.Build.0 = Release|Any CPU
		{A22F5586-705C-4B66-A39B-21025575E530}.Release|x86.ActiveCfg = Release|Any CPU
		{A22F5586-705C-4B66-A39B-21025575E530}.Release|x86.Build.0 = Release|Any CPU
	EndGlobalSection
EndGlobal
